// !$*UTF8*$!
{
	archiveVersion = 1;
	classes = {
	};
	objectVersion = 50;
	objects = {

/* Begin PBXBuildFile section */
		07D407D2221EBA1F0049B4D3 /* AppDelegate.swift in Sources */ = {isa = PBXBuildFile; fileRef = 07D407D1221EBA1F0049B4D3 /* AppDelegate.swift */; };
		07D407D4221EBA1F0049B4D3 /* ViewController.swift in Sources */ = {isa = PBXBuildFile; fileRef = 07D407D3221EBA1F0049B4D3 /* ViewController.swift */; };
		07D407D7221EBA1F0049B4D3 /* Main.storyboard in Resources */ = {isa = PBXBuildFile; fileRef = 07D407D5221EBA1F0049B4D3 /* Main.storyboard */; };
		07D407D9221EBA210049B4D3 /* Assets.xcassets in Resources */ = {isa = PBXBuildFile; fileRef = 07D407D8221EBA210049B4D3 /* Assets.xcassets */; };
		07D407DC221EBA210049B4D3 /* LaunchScreen.storyboard in Resources */ = {isa = PBXBuildFile; fileRef = 07D407DA221EBA210049B4D3 /* LaunchScreen.storyboard */; };
		07D407E7221EBA210049B4D3 /* WaterLayoutDemoTests.swift in Sources */ = {isa = PBXBuildFile; fileRef = 07D407E6221EBA210049B4D3 /* WaterLayoutDemoTests.swift */; };
		07D407F4221EBE880049B4D3 /* GirlModel.swift in Sources */ = {isa = PBXBuildFile; fileRef = 07D407F3221EBE880049B4D3 /* GirlModel.swift */; };
		07D407F6221EC2790049B4D3 /* GirlCollectionViewCell.swift in Sources */ = {isa = PBXBuildFile; fileRef = 07D407F5221EC2790049B4D3 /* GirlCollectionViewCell.swift */; };
		07D407F8221EC2FC0049B4D3 /* WaterFlowLayout.swift in Sources */ = {isa = PBXBuildFile; fileRef = 07D407F7221EC2FC0049B4D3 /* WaterFlowLayout.swift */; };
/* End PBXBuildFile section */

/* Begin PBXContainerItemProxy section */
		07D407E3221EBA210049B4D3 /* PBXContainerItemProxy */ = {
			isa = PBXContainerItemProxy;
			containerPortal = 07D407C6221EBA1F0049B4D3 /* Project object */;
			proxyType = 1;
			remoteGlobalIDString = 07D407CD221EBA1F0049B4D3;
			remoteInfo = WaterLayoutDemo;
		};
/* End PBXContainerItemProxy section */

/* Begin PBXFileReference section */
		07D407CE221EBA1F0049B4D3 /* WaterLayoutDemo.app */ = {isa = PBXFileReference; explicitFileType = wrapper.application; includeInIndex = 0; path = WaterLayoutDemo.app; sourceTree = BUILT_PRODUCTS_DIR; };
		07D407D1221EBA1F0049B4D3 /* AppDelegate.swift */ = {isa = PBXFileReference; lastKnownFileType = sourcecode.swift; path = AppDelegate.swift; sourceTree = "<group>"; };
		07D407D3221EBA1F0049B4D3 /* ViewController.swift */ = {isa = PBXFileReference; lastKnownFileType = sourcecode.swift; path = ViewController.swift; sourceTree = "<group>"; };
		07D407D6221EBA1F0049B4D3 /* Base */ = {isa = PBXFileReference; lastKnownFileType = file.storyboard; name = Base; path = Base.lproj/Main.storyboard; sourceTree = "<group>"; };
		07D407D8221EBA210049B4D3 /* Assets.xcassets */ = {isa = PBXFileReference; lastKnownFileType = folder.assetcatalog; path = Assets.xcassets; sourceTree = "<group>"; };
		07D407DB221EBA210049B4D3 /* Base */ = {isa = PBXFileReference; lastKnownFileType = file.storyboard; name = Base; path = Base.lproj/LaunchScreen.storyboard; sourceTree = "<group>"; };
		07D407DD221EBA210049B4D3 /* Info.plist */ = {isa = PBXFileReference; lastKnownFileType = text.plist.xml; path = Info.plist; sourceTree = "<group>"; };
		07D407E2221EBA210049B4D3 /* WaterLayoutDemoTests.xctest */ = {isa = PBXFileReference; explicitFileType = wrapper.cfbundle; includeInIndex = 0; path = WaterLayoutDemoTests.xctest; sourceTree = BUILT_PRODUCTS_DIR; };
		07D407E6221EBA210049B4D3 /* WaterLayoutDemoTests.swift */ = {isa = PBXFileReference; lastKnownFileType = sourcecode.swift; path = WaterLayoutDemoTests.swift; sourceTree = "<group>"; };
		07D407E8221EBA210049B4D3 /* Info.plist */ = {isa = PBXFileReference; lastKnownFileType = text.plist.xml; path = Info.plist; sourceTree = "<group>"; };
		07D407F3221EBE880049B4D3 /* GirlModel.swift */ = {isa = PBXFileReference; lastKnownFileType = sourcecode.swift; path = GirlModel.swift; sourceTree = "<group>"; };
		07D407F5221EC2790049B4D3 /* GirlCollectionViewCell.swift */ = {isa = PBXFileReference; lastKnownFileType = sourcecode.swift; path = GirlCollectionViewCell.swift; sourceTree = "<group>"; };
		07D407F7221EC2FC0049B4D3 /* WaterFlowLayout.swift */ = {isa = PBXFileReference; lastKnownFileType = sourcecode.swift; path = WaterFlowLayout.swift; sourceTree = "<group>"; };
/* End PBXFileReference section */

/* Begin PBXFrameworksBuildPhase section */
		07D407CB221EBA1F0049B4D3 /* Frameworks */ = {
			isa = PBXFrameworksBuildPhase;
			buildActionMask = 2147483647;
			files = (
			);
			runOnlyForDeploymentPostprocessing = 0;
		};
		07D407DF221EBA210049B4D3 /* Frameworks */ = {
			isa = PBXFrameworksBuildPhase;
			buildActionMask = 2147483647;
			files = (
			);
			runOnlyForDeploymentPostprocessing = 0;
		};
/* End PBXFrameworksBuildPhase section */

/* Begin PBXGroup section */
		07D407C5221EBA1F0049B4D3 = {
			isa = PBXGroup;
			children = (
				07D407D0221EBA1F0049B4D3 /* WaterLayoutDemo */,
				07D407E5221EBA210049B4D3 /* WaterLayoutDemoTests */,
				07D407CF221EBA1F0049B4D3 /* Products */,
			);
			sourceTree = "<group>";
		};
		07D407CF221EBA1F0049B4D3 /* Products */ = {
			isa = PBXGroup;
			children = (
				07D407CE221EBA1F0049B4D3 /* WaterLayoutDemo.app */,
				07D407E2221EBA210049B4D3 /* WaterLayoutDemoTests.xctest */,
			);
			name = Products;
			sourceTree = "<group>";
		};
		07D407D0221EBA1F0049B4D3 /* WaterLayoutDemo */ = {
			isa = PBXGroup;
			children = (
				07D407D1221EBA1F0049B4D3 /* AppDelegate.swift */,
				07D407D3221EBA1F0049B4D3 /* ViewController.swift */,
				07D407F5221EC2790049B4D3 /* GirlCollectionViewCell.swift */,
				07D407F3221EBE880049B4D3 /* GirlModel.swift */,
				07D407F7221EC2FC0049B4D3 /* WaterFlowLayout.swift */,
				07D407D5221EBA1F0049B4D3 /* Main.storyboard */,
				07D407D8221EBA210049B4D3 /* Assets.xcassets */,
				07D407DA221EBA210049B4D3 /* LaunchScreen.storyboard */,
				07D407DD221EBA210049B4D3 /* Info.plist */,
			);
			path = WaterLayoutDemo;
			sourceTree = "<group>";
		};
		07D407E5221EBA210049B4D3 /* WaterLayoutDemoTests */ = {
			isa = PBXGroup;
			children = (
				07D407E6221EBA210049B4D3 /* WaterLayoutDemoTests.swift */,
				07D407E8221EBA210049B4D3 /* Info.plist */,
			);
			path = WaterLayoutDemoTests;
			sourceTree = "<group>";
		};
/* End PBXGroup section */

/* Begin PBXNativeTarget section */
		07D407CD221EBA1F0049B4D3 /* WaterLayoutDemo */ = {
			isa = PBXNativeTarget;
			buildConfigurationList = 07D407EB221EBA210049B4D3 /* Build configuration list for PBXNativeTarget "WaterLayoutDemo" */;
			buildPhases = (
				07D407CA221EBA1F0049B4D3 /* Sources */,
				07D407CB221EBA1F0049B4D3 /* Frameworks */,
				07D407CC221EBA1F0049B4D3 /* Resources */,
			);
			buildRules = (
			);
			dependencies = (
			);
			name = WaterLayoutDemo;
			productName = WaterLayoutDemo;
			productReference = 07D407CE221EBA1F0049B4D3 /* WaterLayoutDemo.app */;
			productType = "com.apple.product-type.application";
		};
		07D407E1221EBA210049B4D3 /* WaterLayoutDemoTests */ = {
			isa = PBXNativeTarget;
			buildConfigurationList = 07D407EE221EBA210049B4D3 /* Build configuration list for PBXNativeTarget "WaterLayoutDemoTests" */;
			buildPhases = (
				07D407DE221EBA210049B4D3 /* Sources */,
				07D407DF221EBA210049B4D3 /* Frameworks */,
				07D407E0221EBA210049B4D3 /* Resources */,
			);
			buildRules = (
			);
			dependencies = (
				07D407E4221EBA210049B4D3 /* PBXTargetDependency */,
			);
			name = WaterLayoutDemoTests;
			productName = WaterLayoutDemoTests;
			productReference = 07D407E2221EBA210049B4D3 /* WaterLayoutDemoTests.xctest */;
			productType = "com.apple.product-type.bundle.unit-test";
		};
/* End PBXNativeTarget section */

/* Begin PBXProject section */
		07D407C6221EBA1F0049B4D3 /* Project object */ = {
			isa = PBXProject;
			attributes = {
				LastSwiftUpdateCheck = 0940;
				LastUpgradeCheck = 0940;
				ORGANIZATIONNAME = zsx;
				TargetAttributes = {
					07D407CD221EBA1F0049B4D3 = {
						CreatedOnToolsVersion = 9.4.1;
					};
					07D407E1221EBA210049B4D3 = {
						CreatedOnToolsVersion = 9.4.1;
						TestTargetID = 07D407CD221EBA1F0049B4D3;
					};
				};
			};
			buildConfigurationList = 07D407C9221EBA1F0049B4D3 /* Build configuration list for PBXProject "WaterLayoutDemo" */;
			compatibilityVersion = "Xcode 9.3";
			developmentRegion = en;
			hasScannedForEncodings = 0;
			knownRegions = (
				en,
				Base,
			);
			mainGroup = 07D407C5221EBA1F0049B4D3;
			productRefGroup = 07D407CF221EBA1F0049B4D3 /* Products */;
			projectDirPath = "";
			projectRoot = "";
			targets = (
				07D407CD221EBA1F0049B4D3 /* WaterLayoutDemo */,
				07D407E1221EBA210049B4D3 /* WaterLayoutDemoTests */,
			);
		};
/* End PBXProject section */

/* Begin PBXResourcesBuildPhase section */
		07D407CC221EBA1F0049B4D3 /* Resources */ = {
			isa = PBXResourcesBuildPhase;
			buildActionMask = 2147483647;
			files = (
				07D407DC221EBA210049B4D3 /* LaunchScreen.storyboard in Resources */,
				07D407D9221EBA210049B4D3 /* Assets.xcassets in Resources */,
				07D407D7221EBA1F0049B4D3 /* Main.storyboard in Resources */,
			);
			runOnlyForDeploymentPostprocessing = 0;
		};
		07D407E0221EBA210049B4D3 /* Resources */ = {
			isa = PBXResourcesBuildPhase;
			buildActionMask = 2147483647;
			files = (
			);
			runOnlyForDeploymentPostprocessing = 0;
		};
/* End PBXResourcesBuildPhase section */

/* Begin PBXSourcesBuildPhase section */
		07D407CA221EBA1F0049B4D3 /* Sources */ = {
			isa = PBXSourcesBuildPhase;
			buildActionMask = 2147483647;
			files = (
				07D407F8221EC2FC0049B4D3 /* WaterFlowLayout.swift in Sources */,
				07D407D4221EBA1F0049B4D3 /* ViewController.swift in Sources */,
				07D407F4221EBE880049B4D3 /* GirlModel.swift in Sources */,
				07D407F6221EC2790049B4D3 /* GirlCollectionViewCell.swift in Sources */,
				07D407D2221EBA1F0049B4D3 /* AppDelegate.swift in Sources */,
			);
			runOnlyForDeploymentPostprocessing = 0;
		};
		07D407DE221EBA210049B4D3 /* Sources */ = {
			isa = PBXSourcesBuildPhase;
			buildActionMask = 2147483647;
			files = (
				07D407E7221EBA210049B4D3 /* WaterLayoutDemoTests.swift in Sources */,
			);
			runOnlyForDeploymentPostprocessing = 0;
		};
/* End PBXSourcesBuildPhase section */

/* Begin PBXTargetDependency section */
		07D407E4221EBA210049B4D3 /* PBXTargetDependency */ = {
			isa = PBXTargetDependency;
			target = 07D407CD221EBA1F0049B4D3 /* WaterLayoutDemo */;
			targetProxy = 07D407E3221EBA210049B4D3 /* PBXContainerItemProxy */;
		};
/* End PBXTargetDependency section */

/* Begin PBXVariantGroup section */
		07D407D5221EBA1F0049B4D3 /* Main.storyboard */ = {
			isa = PBXVariantGroup;
			children = (
				07D407D6221EBA1F0049B4D3 /* Base */,
			);
			name = Main.storyboard;
			sourceTree = "<group>";
		};
		07D407DA221EBA210049B4D3 /* LaunchScreen.storyboard */ = {
			isa = PBXVariantGroup;
			children = (
				07D407DB221EBA210049B4D3 /* Base */,
			);
			name = LaunchScreen.storyboard;
			sourceTree = "<group>";
		};
/* End PBXVariantGroup section */

/* Begin XCBuildConfiguration section */
		07D407E9221EBA210049B4D3 /* Debug */ = {
			isa = XCBuildConfiguration;
			buildSettings = {
				ALWAYS_SEARCH_USER_PATHS = NO;
				CLANG_ANALYZER_NONNULL = YES;
				CLANG_ANALYZER_NUMBER_OBJECT_CONVERSION = YES_AGGRESSIVE;
				CLANG_CXX_LANGUAGE_STANDARD = "gnu++14";
				CLANG_CXX_LIBRARY = "libc++";
				CLANG_ENABLE_MODULES = YES;
				CLANG_ENABLE_OBJC_ARC = YES;
				CLANG_ENABLE_OBJC_WEAK = YES;
				CLANG_WARN_BLOCK_CAPTURE_AUTORELEASING = YES;
				CLANG_WARN_BOOL_CONVERSION = YES;
				CLANG_WARN_COMMA = YES;
				CLANG_WARN_CONSTANT_CONVERSION = YES;
				CLANG_WARN_DEPRECATED_OBJC_IMPLEMENTATIONS = YES;
				CLANG_WARN_DIRECT_OBJC_ISA_USAGE = YES_ERROR;
				CLANG_WARN_DOCUMENTATION_COMMENTS = YES;
				CLANG_WARN_EMPTY_BODY = YES;
				CLANG_WARN_ENUM_CONVERSION = YES;
				CLANG_WARN_INFINITE_RECURSION = YES;
				CLANG_WARN_INT_CONVERSION = YES;
				CLANG_WARN_NON_LITERAL_NULL_CONVERSION = YES;
				CLANG_WARN_OBJC_IMPLICIT_RETAIN_SELF = YES;
				CLANG_WARN_OBJC_LITERAL_CONVERSION = YES;
				CLANG_WARN_OBJC_ROOT_CLASS = YES_ERROR;
				CLANG_WARN_RANGE_LOOP_ANALYSIS = YES;
				CLANG_WARN_STRICT_PROTOTYPES = YES;
				CLANG_WARN_SUSPICIOUS_MOVE = YES;
				CLANG_WARN_UNGUARDED_AVAILABILITY = YES_AGGRESSIVE;
				CLANG_WARN_UNREACHABLE_CODE = YES;
				CLANG_WARN__DUPLICATE_METHOD_MATCH = YES;
				CODE_SIGN_IDENTITY = "iPhone Developer";
				COPY_PHASE_STRIP = NO;
				DEBUG_INFORMATION_FORMAT = dwarf;
				ENABLE_STRICT_OBJC_MSGSEND = YES;
				ENABLE_TESTABILITY = YES;
				GCC_C_LANGUAGE_STANDARD = gnu11;
				GCC_DYNAMIC_NO_PIC = NO;
				GCC_NO_COMMON_BLOCKS = YES;
				GCC_OPTIMIZATION_LEVEL = 0;
				GCC_PREPROCESSOR_DEFINITIONS = (
					"DEBUG=1",
					"$(inherited)",
				);
				GCC_WARN_64_TO_32_BIT_CONVERSION = YES;
				GCC_WARN_ABOUT_RETURN_TYPE = YES_ERROR;
				GCC_WARN_UNDECLARED_SELECTOR = YES;
				GCC_WARN_UNINITIALIZED_AUTOS = YES_AGGRESSIVE;
				GCC_WARN_UNUSED_FUNCTION = YES;
				GCC_WARN_UNUSED_VARIABLE = YES;
				IPHONEOS_DEPLOYMENT_TARGET = 11.4;
				MTL_ENABLE_DEBUG_INFO = YES;
				ONLY_ACTIVE_ARCH = YES;
				SDKROOT = iphoneos;
				SWIFT_ACTIVE_COMPILATION_CONDITIONS = DEBUG;
				SWIFT_OPTIMIZATION_LEVEL = "-Onone";
			};
			name = Debug;
		};
		07D407EA221EBA210049B4D3 /* Release */ = {
			isa = XCBuildConfiguration;
			buildSettings = {
				ALWAYS_SEARCH_USER_PATHS = NO;
				CLANG_ANALYZER_NONNULL = YES;
				CLANG_ANALYZER_NUMBER_OBJECT_CONVERSION = YES_AGGRESSIVE;
				CLANG_CXX_LANGUAGE_STANDARD = "gnu++14";
				CLANG_CXX_LIBRARY = "libc++";
				CLANG_ENABLE_MODULES = YES;
				CLANG_ENABLE_OBJC_ARC = YES;
				CLANG_ENABLE_OBJC_WEAK = YES;
				CLANG_WARN_BLOCK_CAPTURE_AUTORELEASING = YES;
				CLANG_WARN_BOOL_CONVERSION = YES;
				CLANG_WARN_COMMA = YES;
				CLANG_WARN_CONSTANT_CONVERSION = YES;
				CLANG_WARN_DEPRECATED_OBJC_IMPLEMENTATIONS = YES;
				CLANG_WARN_DIRECT_OBJC_ISA_USAGE = YES_ERROR;
				CLANG_WARN_DOCUMENTATION_COMMENTS = YES;
				CLANG_WARN_EMPTY_BODY = YES;
				CLANG_WARN_ENUM_CONVERSION = YES;
				CLANG_WARN_INFINITE_RECURSION = YES;
				CLANG_WARN_INT_CONVERSION = YES;
				CLANG_WARN_NON_LITERAL_NULL_CONVERSION = YES;
				CLANG_WARN_OBJC_IMPLICIT_RETAIN_SELF = YES;
				CLANG_WARN_OBJC_LITERAL_CONVERSION = YES;
				CLANG_WARN_OBJC_ROOT_CLASS = YES_ERROR;
				CLANG_WARN_RANGE_LOOP_ANALYSIS = YES;
				CLANG_WARN_STRICT_PROTOTYPES = YES;
				CLANG_WARN_SUSPICIOUS_MOVE = YES;
				CLANG_WARN_UNGUARDED_AVAILABILITY = YES_AGGRESSIVE;
				CLANG_WARN_UNREACHABLE_CODE = YES;
				CLANG_WARN__DUPLICATE_METHOD_MATCH = YES;
				CODE_SIGN_IDENTITY = "iPhone Developer";
				COPY_PHASE_STRIP = NO;
				DEBUG_INFORMATION_FORMAT = "dwarf-with-dsym";
				ENABLE_NS_ASSERTIONS = NO;
				ENABLE_STRICT_OBJC_MSGSEND = YES;
				GCC_C_LANGUAGE_STANDARD = gnu11;
				GCC_NO_COMMON_BLOCKS = YES;
				GCC_WARN_64_TO_32_BIT_CONVERSION = YES;
				GCC_WARN_ABOUT_RETURN_TYPE = YES_ERROR;
				GCC_WARN_UNDECLARED_SELECTOR = YES;
				GCC_WARN_UNINITIALIZED_AUTOS = YES_AGGRESSIVE;
				GCC_WARN_UNUSED_FUNCTION = YES;
				GCC_WARN_UNUSED_VARIABLE = YES;
				IPHONEOS_DEPLOYMENT_TARGET = 11.4;
				MTL_ENABLE_DEBUG_INFO = NO;
				SDKROOT = iphoneos;
				SWIFT_COMPILATION_MODE = wholemodule;
				SWIFT_OPTIMIZATION_LEVEL = "-O";
				VALIDATE_PRODUCT = YES;
			};
			name = Release;
		};
		07D407EC221EBA210049B4D3 /* Debug */ = {
			isa = XCBuildConfiguration;
			buildSettings = {
				ASSETCATALOG_COMPILER_APPICON_NAME = AppIcon;
				CODE_SIGN_STYLE = Automatic;
				DEVELOPMENT_TEAM = 33AL5727R8;
				INFOPLIST_FILE = WaterLayoutDemo/Info.plist;
				LD_RUNPATH_SEARCH_PATHS = (
					"$(inherited)",
					"@executable_path/Frameworks",
				);
				PRODUCT_BUNDLE_IDENTIFIER = com.670074760.WaterLayoutDemo;
				PRODUCT_NAME = "$(TARGET_NAME)";
				SWIFT_VERSION = 4.0;
				TARGETED_DEVICE_FAMILY = "1,2";
			};
			name = Debug;
		};
		07D407ED221EBA210049B4D3 /* Release */ = {
			isa = XCBuildConfiguration;
			buildSettings = {
				ASSETCATALOG_COMPILER_APPICON_NAME = AppIcon;
				CODE_SIGN_STYLE = Automatic;
				DEVELOPMENT_TEAM = 33AL5727R8;
				INFOPLIST_FILE = WaterLayoutDemo/Info.plist;
				LD_RUNPATH_SEARCH_PATHS = (
					"$(inherited)",
					"@executable_path/Frameworks",
				);
				PRODUCT_BUNDLE_IDENTIFIER = com.670074760.WaterLayoutDemo;
				PRODUCT_NAME = "$(TARGET_NAME)";
				SWIFT_VERSION = 4.0;
				TARGETED_DEVICE_FAMILY = "1,2";
			};
			name = Release;
		};
		07D407EF221EBA210049B4D3 /* Debug */ = {
			isa = XCBuildConfiguration;
			buildSettings = {
				ALWAYS_EMBED_SWIFT_STANDARD_LIBRARIES = YES;
				BUNDLE_LOADER = "$(TEST_HOST)";
				CODE_SIGN_STYLE = Automatic;
				DEVELOPMENT_TEAM = 33AL5727R8;
				INFOPLIST_FILE = WaterLayoutDemoTests/Info.plist;
				LD_RUNPATH_SEARCH_PATHS = (
					"$(inherited)",
					"@executable_path/Frameworks",
					"@loader_path/Frameworks",
				);
				PRODUCT_BUNDLE_IDENTIFIER = com.670074760.WaterLayoutDemoTests;
				PRODUCT_NAME = "$(TARGET_NAME)";
				SWIFT_VERSION = 4.0;
				TARGETED_DEVICE_FAMILY = "1,2";
				TEST_HOST = "$(BUILT_PRODUCTS_DIR)/WaterLayoutDemo.app/WaterLayoutDemo";
			};
			name = Debug;
		};
		07D407F0221EBA210049B4D3 /* Release */ = {
			isa = XCBuildConfiguration;
			buildSettings = {
				ALWAYS_EMBED_SWIFT_STANDARD_LIBRARIES = YES;
				BUNDLE_LOADER = "$(TEST_HOST)";
				CODE_SIGN_STYLE = Automatic;
				DEVELOPMENT_TEAM = 33AL5727R8;
				INFOPLIST_FILE = WaterLayoutDemoTests/Info.plist;
				LD_RUNPATH_SEARCH_PATHS = (
					"$(inherited)",
					"@executable_path/Frameworks",
					"@loader_path/Frameworks",
				);
				PRODUCT_BUNDLE_IDENTIFIER = com.670074760.WaterLayoutDemoTests;
				PRODUCT_NAME = "$(TARGET_NAME)";
				SWIFT_VERSION = 4.0;
				TARGETED_DEVICE_FAMILY = "1,2";
				TEST_HOST = "$(BUILT_PRODUCTS_DIR)/WaterLayoutDemo.app/WaterLayoutDemo";
			};
			name = Release;
		};
/* End XCBuildConfiguration section */

/* Begin XCConfigurationList section */
		07D407C9221EBA1F0049B4D3 /* Build configuration list for PBXProject "WaterLayoutDemo" */ = {
			isa = XCConfigurationList;
			buildConfigurations = (
				07D407E9221EBA210049B4D3 /* Debug */,
				07D407EA221EBA210049B4D3 /* Release */,
			);
			defaultConfigurationIsVisible = 0;
			defaultConfigurationName = Release;
		};
		07D407EB221EBA210049B4D3 /* Build configuration list for PBXNativeTarget "WaterLayoutDemo" */ = {
			isa = XCConfigurationList;
			buildConfigurations = (
				07D407EC221EBA210049B4D3 /* Debug */,
				07D407ED221EBA210049B4D3 /* Release */,
			);
			defaultConfigurationIsVisible = 0;
			defaultConfigurationName = Release;
		};
		07D407EE221EBA210049B4D3 /* Build configuration list for PBXNativeTarget "WaterLayoutDemoTests" */ = {
			isa = XCConfigurationList;
			buildConfigurations = (
				07D407EF221EBA210049B4D3 /* Debug */,
				07D407F0221EBA210049B4D3 /* Release */,
			);
			defaultConfigurationIsVisible = 0;
			defaultConfigurationName = Release;
		};
/* End XCConfigurationList section */
	};
	rootObject = 07D407C6221EBA1F0049B4D3 /* Project object */;
}
